
Microsoft Visual Studio Solution File, Format Version 12.00
# Visual Studio Version 17
VisualStudioVersion = 17.1.32210.238
MinimumVisualStudioVersion = 10.0.40219.1
Project("{FAE04EC0-301F-11D3-BF4B-00C04F79EFBC}") = "EntityFrameworkTwo", "EntityFrameworkTwo\EntityFrameworkTwo.csproj", "{673E285E-748D-4DBB-BDE7-37A98310D001}"
EndProject
Global
	GlobalSection(SolutionConfigurationPlatforms) = preSolution
		Debug|Any CPU = Debug|Any CPU
		Release|Any CPU = Release|Any CPU
	EndGlobalSection
	GlobalSection(ProjectConfigurationPlatforms) = postSolution
		{673E285E-748D-4DBB-BDE7-37A98310D001}.Debug|Any CPU.ActiveCfg = Debug|Any CPU
		{673E285E-748D-4DBB-BDE7-37A98310D001}.Debug|Any CPU.Build.0 = Debug|Any CPU
		{673E285E-748D-4DBB-BDE7-37A98310D001}.Release|Any CPU.ActiveCfg = Release|Any CPU
		{673E285E-748D-4DBB-BDE7-37A98310D001}.Release|Any CPU.Build.0 = Release|Any CPU
	EndGlobalSection
	GlobalSection(SolutionProperties) = preSolution
		HideSolutionNode = FALSE
	EndGlobalSection
	GlobalSection(ExtensibilityGlobals) = postSolution
		SolutionGuid = {006455F7-7FFB-412C-935C-51362A970204}
	EndGlobalSection
EndGlobal
